
Microsoft Visual Studio Solution File, Format Version 11.00
# Visual C++ Express 2010
Project("{8BC9CEB8-8B4A-11D0-8D11-00A0C91BC942}") = "Ders7", "Ders7\Ders7.vcxproj", "{12B00136-4369-4250-9129-76AE477DFDCA}"
EndProject
Global
	GlobalSection(SolutionConfigurationPlatforms) = preSolution
		Debug|Win32 = Debug|Win32
		Release|Win32 = Release|Win32
	EndGlobalSection
	GlobalSection(ProjectConfigurationPlatforms) = postSolution
		{12B00136-4369-4250-9129-76AE477DFDCA}.Debug|Win32.ActiveCfg = Debug|Win32
		{12B00136-4369-4250-9129-76AE477DFDCA}.Debug|Win32.Build.0 = Debug|Win32
		{12B00136-4369-4250-9129-76AE477DFDCA}.Release|Win32.ActiveCfg = Release|Win32
		{12B00136-4369-4250-9129-76AE477DFDCA}.Release|Win32.Build.0 = Release|Win32
	EndGlobalSection
	GlobalSection(SolutionProperties) = preSolution
		HideSolutionNode = FALSE
	EndGlobalSection
EndGlobal
